
Microsoft Visual Studio Solution File, Format Version 12.00
# Visual Studio Version 16
VisualStudioVersion = 16.0.32802.440
MinimumVisualStudioVersion = 10.0.40219.1
Project("{FAE04EC0-301F-11D3-BF4B-00C04F79EFBC}") = "CreateSelfSignedCertificateByBouncyCastle", "CreateSelfSignedCertificateByBouncyCastle.csproj", "{429DDBA5-2E22-43AD-A7F8-E65534533E03}"
EndProject
Global
	GlobalSection(SolutionConfigurationPlatforms) = preSolution
		Debug|Any CPU = Debug|Any CPU
		Release|Any CPU = Release|Any CPU
	EndGlobalSection
	GlobalSection(ProjectConfigurationPlatforms) = postSolution
		{429DDBA5-2E22-43AD-A7F8-E65534533E03}.Debug|Any CPU.ActiveCfg = Debug|Any CPU
		{429DDBA5-2E22-43AD-A7F8-E65534533E03}.Debug|Any CPU.Build.0 = Debug|Any CPU
		{429DDBA5-2E22-43AD-A7F8-E65534533E03}.Release|Any CPU.ActiveCfg = Release|Any CPU
		{429DDBA5-2E22-43AD-A7F8-E65534533E03}.Release|Any CPU.Build.0 = Release|Any CPU
	EndGlobalSection
	GlobalSection(SolutionProperties) = preSolution
		HideSolutionNode = FALSE
	EndGlobalSection
	GlobalSection(ExtensibilityGlobals) = postSolution
		SolutionGuid = {06AF39C4-3D5C-4AF8-A7E2-261E3AAFED19}
	EndGlobalSection
EndGlobal
